
Microsoft Visual Studio Solution File, Format Version 12.00
# Visual Studio Version 16
VisualStudioVersion = 16.0.29409.12
MinimumVisualStudioVersion = 10.0.40219.1
Project("{9A19103F-16F7-4668-BE54-9A1E7A4F7556}") = "SpaceGame", "SpaceGame\SpaceGame.csproj", "{994CA26B-DF8E-4248-BC73-11F91F348870}"
EndProject
Project("{9A19103F-16F7-4668-BE54-9A1E7A4F7556}") = "Raylib-cs", "..\Raylib-cs\Raylib-cs\Raylib-cs.csproj", "{5BA5BB47-5B6A-45AF-8007-7FF3ABF432A4}"
EndProject
Project("{FAE04EC0-301F-11D3-BF4B-00C04F79EFBC}") = "SpaceEditor", "SpaceEditor\SpaceEditor.csproj", "{DC9C9B18-8E96-49E6-BA9C-F1B266101EE8}"
EndProject
Global
	GlobalSection(SolutionConfigurationPlatforms) = preSolution
		Debug|Any CPU = Debug|Any CPU
		Debug|linux-x64 = Debug|linux-x64
		Debug|linux-x86 = Debug|linux-x86
		Debug|osx-x64 = Debug|osx-x64
		Debug|win-x64 = Debug|win-x64
		Debug|win-x86 = Debug|win-x86
		Release|Any CPU = Release|Any CPU
		Release|linux-x64 = Release|linux-x64
		Release|linux-x86 = Release|linux-x86
		Release|osx-x64 = Release|osx-x64
		Release|win-x64 = Release|win-x64
		Release|win-x86 = Release|win-x86
	EndGlobalSection
	GlobalSection(ProjectConfigurationPlatforms) = postSolution
		{994CA26B-DF8E-4248-BC73-11F91F348870}.Debug|Any CPU.ActiveCfg = Debug|Any CPU
		{994CA26B-DF8E-4248-BC73-11F91F348870}.Debug|Any CPU.Build.0 = Debug|Any CPU
		{994CA26B-DF8E-4248-BC73-11F91F348870}.Debug|linux-x64.ActiveCfg = Debug|Any CPU
		{994CA26B-DF8E-4248-BC73-11F91F348870}.Debug|linux-x64.Build.0 = Debug|Any CPU
		{994CA26B-DF8E-4248-BC73-11F91F348870}.Debug|linux-x86.ActiveCfg = Debug|Any CPU
		{994CA26B-DF8E-4248-BC73-11F91F348870}.Debug|linux-x86.Build.0 = Debug|Any CPU
		{994CA26B-DF8E-4248-BC73-11F91F348870}.Debug|osx-x64.ActiveCfg = Debug|Any CPU
		{994CA26B-DF8E-4248-BC73-11F91F348870}.Debug|osx-x64.Build.0 = Debug|Any CPU
		{994CA26B-DF8E-4248-BC73-11F91F348870}.Debug|win-x64.ActiveCfg = Debug|Any CPU
		{994CA26B-DF8E-4248-BC73-11F91F348870}.Debug|win-x64.Build.0 = Debug|Any CPU
		{994CA26B-DF8E-4248-BC73-11F91F348870}.Debug|win-x86.ActiveCfg = Debug|Any CPU
		{994CA26B-DF8E-4248-BC73-11F91F348870}.Debug|win-x86.Build.0 = Debug|Any CPU
		{994CA26B-DF8E-4248-BC73-11F91F348870}.Release|Any CPU.ActiveCfg = Release|Any CPU
		{994CA26B-DF8E-4248-BC73-11F91F348870}.Release|Any CPU.Build.0 = Release|Any CPU
		{994CA26B-DF8E-4248-BC73-11F91F348870}.Release|linux-x64.ActiveCfg = Release|Any CPU
		{994CA26B-DF8E-4248-BC73-11F91F348870}.Release|linux-x64.Build.0 = Release|Any CPU
		{994CA26B-DF8E-4248-BC73-11F91F348870}.Release|linux-x86.ActiveCfg = Release|Any CPU
		{994CA26B-DF8E-4248-BC73-11F91F348870}.Release|linux-x86.Build.0 = Release|Any CPU
		{994CA26B-DF8E-4248-BC73-11F91F348870}.Release|osx-x64.ActiveCfg = Release|Any CPU
		{994CA26B-DF8E-4248-BC73-11F91F348870}.Release|osx-x64.Build.0 = Release|Any CPU
		{994CA26B-DF8E-4248-BC73-11F91F348870}.Release|win-x64.ActiveCfg = Release|Any CPU
		{994CA26B-DF8E-4248-BC73-11F91F348870}.Release|win-x64.Build.0 = Release|Any CPU
		{994CA26B-DF8E-4248-BC73-11F91F348870}.Release|win-x86.ActiveCfg = Release|Any CPU
		{994CA26B-DF8E-4248-BC73-11F91F348870}.Release|win-x86.Build.0 = Release|Any CPU
		{5BA5BB47-5B6A-45AF-8007-7FF3ABF432A4}.Debug|Any CPU.ActiveCfg = Debug|Any CPU
		{5BA5BB47-5B6A-45AF-8007-7FF3ABF432A4}.Debug|Any CPU.Build.0 = Debug|Any CPU
		{5BA5BB47-5B6A-45AF-8007-7FF3ABF432A4}.Debug|linux-x64.ActiveCfg = Debug|linux-x64
		{5BA5BB47-5B6A-45AF-8007-7FF3ABF432A4}.Debug|linux-x64.Build.0 = Debug|linux-x64
		{5BA5BB47-5B6A-45AF-8007-7FF3ABF432A4}.Debug|linux-x86.ActiveCfg = Debug|linux-x86
		{5BA5BB47-5B6A-45AF-8007-7FF3ABF432A4}.Debug|linux-x86.Build.0 = Debug|linux-x86
		{5BA5BB47-5B6A-45AF-8007-7FF3ABF432A4}.Debug|osx-x64.ActiveCfg = Debug|osx-x64
		{5BA5BB47-5B6A-45AF-8007-7FF3ABF432A4}.Debug|osx-x64.Build.0 = Debug|osx-x64
		{5BA5BB47-5B6A-45AF-8007-7FF3ABF432A4}.Debug|win-x64.ActiveCfg = Debug|win-x64
		{5BA5BB47-5B6A-45AF-8007-7FF3ABF432A4}.Debug|win-x64.Build.0 = Debug|win-x64
		{5BA5BB47-5B6A-45AF-8007-7FF3ABF432A4}.Debug|win-x86.ActiveCfg = Debug|win-x86
		{5BA5BB47-5B6A-45AF-8007-7FF3ABF432A4}.Debug|win-x86.Build.0 = Debug|win-x86
		{5BA5BB47-5B6A-45AF-8007-7FF3ABF432A4}.Release|Any CPU.ActiveCfg = Release|Any CPU
		{5BA5BB47-5B6A-45AF-8007-7FF3ABF432A4}.Release|Any CPU.Build.0 = Release|Any CPU
		{5BA5BB47-5B6A-45AF-8007-7FF3ABF432A4}.Release|linux-x64.ActiveCfg = Release|linux-x64
		{5BA5BB47-5B6A-45AF-8007-7FF3ABF432A4}.Release|linux-x64.Build.0 = Release|linux-x64
		{5BA5BB47-5B6A-45AF-8007-7FF3ABF432A4}.Release|linux-x86.ActiveCfg = Release|linux-x86
		{5BA5BB47-5B6A-45AF-8007-7FF3ABF432A4}.Release|linux-x86.Build.0 = Release|linux-x86
		{5BA5BB47-5B6A-45AF-8007-7FF3ABF432A4}.Release|osx-x64.ActiveCfg = Release|osx-x64
		{5BA5BB47-5B6A-45AF-8007-7FF3ABF432A4}.Release|osx-x64.Build.0 = Release|osx-x64
		{5BA5BB47-5B6A-45AF-8007-7FF3ABF432A4}.Release|win-x64.ActiveCfg = Release|win-x64
		{5BA5BB47-5B6A-45AF-8007-7FF3ABF432A4}.Release|win-x64.Build.0 = Release|win-x64
		{5BA5BB47-5B6A-45AF-8007-7FF3ABF432A4}.Release|win-x86.ActiveCfg = Release|win-x86
		{5BA5BB47-5B6A-45AF-8007-7FF3ABF432A4}.Release|win-x86.Build.0 = Release|win-x86
		{DC9C9B18-8E96-49E6-BA9C-F1B266101EE8}.Debug|Any CPU.ActiveCfg = Debug|Any CPU
		{DC9C9B18-8E96-49E6-BA9C-F1B266101EE8}.Debug|Any CPU.Build.0 = Debug|Any CPU
		{DC9C9B18-8E96-49E6-BA9C-F1B266101EE8}.Debug|linux-x64.ActiveCfg = Debug|Any CPU
		{DC9C9B18-8E96-49E6-BA9C-F1B266101EE8}.Debug|linux-x64.Build.0 = Debug|Any CPU
		{DC9C9B18-8E96-49E6-BA9C-F1B266101EE8}.Debug|linux-x86.ActiveCfg = Debug|Any CPU
		{DC9C9B18-8E96-49E6-BA9C-F1B266101EE8}.Debug|linux-x86.Build.0 = Debug|Any CPU
		{DC9C9B18-8E96-49E6-BA9C-F1B266101EE8}.Debug|osx-x64.ActiveCfg = Debug|Any CPU
		{DC9C9B18-8E96-49E6-BA9C-F1B266101EE8}.Debug|osx-x64.Build.0 = Debug|Any CPU
		{DC9C9B18-8E96-49E6-BA9C-F1B266101EE8}.Debug|win-x64.ActiveCfg = Debug|Any CPU
		{DC9C9B18-8E96-49E6-BA9C-F1B266101EE8}.Debug|win-x64.Build.0 = Debug|Any CPU
		{DC9C9B18-8E96-49E6-BA9C-F1B266101EE8}.Debug|win-x86.ActiveCfg = Debug|Any CPU
		{DC9C9B18-8E96-49E6-BA9C-F1B266101EE8}.Debug|win-x86.Build.0 = Debug|Any CPU
		{DC9C9B18-8E96-49E6-BA9C-F1B266101EE8}.Release|Any CPU.ActiveCfg = Release|Any CPU
		{DC9C9B18-8E96-49E6-BA9C-F1B266101EE8}.Release|Any CPU.Build.0 = Release|Any CPU
		{DC9C9B18-8E96-49E6-BA9C-F1B266101EE8}.Release|linux-x64.ActiveCfg = Release|Any CPU
		{DC9C9B18-8E96-49E6-BA9C-F1B266101EE8}.Release|linux-x64.Build.0 = Release|Any CPU
		{DC9C9B18-8E96-49E6-BA9C-F1B266101EE8}.Release|linux-x86.ActiveCfg = Release|Any CPU
		{DC9C9B18-8E96-49E6-BA9C-F1B266101EE8}.Release|linux-x86.Build.0 = Release|Any CPU
		{DC9C9B18-8E96-49E6-BA9C-F1B266101EE8}.Release|osx-x64.ActiveCfg = Release|Any CPU
		{DC9C9B18-8E96-49E6-BA9C-F1B266101EE8}.Release|osx-x64.Build.0 = Release|Any CPU
		{DC9C9B18-8E96-49E6-BA9C-F1B266101EE8}.Release|win-x64.ActiveCfg = Release|Any CPU
		{DC9C9B18-8E96-49E6-BA9C-F1B266101EE8}.Release|win-x64.Build.0 = Release|Any CPU
		{DC9C9B18-8E96-49E6-BA9C-F1B266101EE8}.Release|win-x86.ActiveCfg = Release|Any CPU
		{DC9C9B18-8E96-49E6-BA9C-F1B266101EE8}.Release|win-x86.Build.0 = Release|Any CPU
	EndGlobalSection
	GlobalSection(SolutionProperties) = preSolution
		HideSolutionNode = FALSE
	EndGlobalSection
	GlobalSection(ExtensibilityGlobals) = postSolution
		SolutionGuid = {386A87DA-0B17-4059-8BB6-BFCFE44A0089}
	EndGlobalSection
EndGlobal
